PODS:
  - CYRTextView (0.4.0)
  - Highlightr (2.1.0)

DEPENDENCIES:
  - CYRTextView
  - Highlightr

SPEC REPOS:
  trunk:
    - CYRTextView
    - Highlightr

SPEC CHECKSUMS:
  CYRTextView: 1c1a4d708eee54ecad66b8ad42dbfe73083bdfce
  Highlightr: 595f3e100737c8de41113385da8bd0b5b65212c6

PODFILE CHECKSUM: 38e4c1f7b577c630233ba8f23922bc28cdee5237

COCOAPODS: 1.8.4
