{
  "object": {
    "pins": [
      {
        "package": "InfiniteLayout",
        "repositoryURL": "https://github.com/arnauddorgans/InfiniteLayout",
        "state": {
          "branch": null,
          "revision": "227269190fd4b7ccde646e5a2360d0168187875c",
          "version": "0.4.2"
        }
      },
      {
        "package": "IQKeyboardManagerSwift",
        "repositoryURL": "https://github.com/hackiftekhar/IQKeyboardManager",
        "state": {
          "branch": null,
          "revision": "dba0d0a6689534e7b7aae7d3728af0ca60a24b66",
          "version": "6.5.4"
        }
      }
    ]
  },
  "version": 1
}
